
Microsoft Visual Studio Solution File, Format Version 12.00
# Visual Studio 15
VisualStudioVersion = 15.0.28010.2016
MinimumVisualStudioVersion = 10.0.40219.1
Project("{FAE04EC0-301F-11D3-BF4B-00C04F79EFBC}") = "VideoRental_MVC", "VideoRental_MVC\VideoRental_MVC.csproj", "{401B07EE-1F94-4D2C-B909-73CC59997ACA}"
EndProject
Global
	GlobalSection(SolutionConfigurationPlatforms) = preSolution
		Debug|Any CPU = Debug|Any CPU
		Release|Any CPU = Release|Any CPU
	EndGlobalSection
	GlobalSection(ProjectConfigurationPlatforms) = postSolution
		{401B07EE-1F94-4D2C-B909-73CC59997ACA}.Debug|Any CPU.ActiveCfg = Debug|Any CPU
		{401B07EE-1F94-4D2C-B909-73CC59997ACA}.Debug|Any CPU.Build.0 = Debug|Any CPU
		{401B07EE-1F94-4D2C-B909-73CC59997ACA}.Release|Any CPU.ActiveCfg = Release|Any CPU
		{401B07EE-1F94-4D2C-B909-73CC59997ACA}.Release|Any CPU.Build.0 = Release|Any CPU
	EndGlobalSection
	GlobalSection(SolutionProperties) = preSolution
		HideSolutionNode = FALSE
	EndGlobalSection
	GlobalSection(ExtensibilityGlobals) = postSolution
		SolutionGuid = {5A48CA09-E8F3-499D-87A0-CED29078EDB1}
	EndGlobalSection
EndGlobal
